
Microsoft Visual Studio Solution File, Format Version 12.00
# Visual Studio Version 17
VisualStudioVersion = 17.8.34330.188
MinimumVisualStudioVersion = 10.0.40219.1
Project("{FAE04EC0-301F-11D3-BF4B-00C04F79EFBC}") = "BudgetServcie", "BudgetServcie\BudgetServcie.csproj", "{32BB27BC-E6DF-47EF-8978-414E43402FBD}"
EndProject
Global
	GlobalSection(SolutionConfigurationPlatforms) = preSolution
		Debug|Any CPU = Debug|Any CPU
		Release|Any CPU = Release|Any CPU
	EndGlobalSection
	GlobalSection(ProjectConfigurationPlatforms) = postSolution
		{32BB27BC-E6DF-47EF-8978-414E43402FBD}.Debug|Any CPU.ActiveCfg = Debug|Any CPU
		{32BB27BC-E6DF-47EF-8978-414E43402FBD}.Debug|Any CPU.Build.0 = Debug|Any CPU
		{32BB27BC-E6DF-47EF-8978-414E43402FBD}.Release|Any CPU.ActiveCfg = Release|Any CPU
		{32BB27BC-E6DF-47EF-8978-414E43402FBD}.Release|Any CPU.Build.0 = Release|Any CPU
	EndGlobalSection
	GlobalSection(SolutionProperties) = preSolution
		HideSolutionNode = FALSE
	EndGlobalSection
	GlobalSection(ExtensibilityGlobals) = postSolution
		SolutionGuid = {ECA5F75B-460E-40E7-895C-CB8C4F62E16B}
	EndGlobalSection
EndGlobal
