
Microsoft Visual Studio Solution File, Format Version 12.00
# Visual Studio Version 17
VisualStudioVersion = 17.8.34330.188
MinimumVisualStudioVersion = 10.0.40219.1
Project("{FAE04EC0-301F-11D3-BF4B-00C04F79EFBC}") = "BudgetLibrary", "BudgetLibrary\BudgetLibrary.csproj", "{13FEAEFB-B11E-4BD1-9A74-8970EA9F3450}"
EndProject
Project("{FAE04EC0-301F-11D3-BF4B-00C04F79EFBC}") = "BudgetLibraryTest", "BudgetLibraryTest\BudgetLibraryTest.csproj", "{7FB30F19-9747-43F1-B02A-428E736B56FA}"
EndProject
Global
	GlobalSection(SolutionConfigurationPlatforms) = preSolution
		Debug|Any CPU = Debug|Any CPU
		Release|Any CPU = Release|Any CPU
	EndGlobalSection
	GlobalSection(ProjectConfigurationPlatforms) = postSolution
		{13FEAEFB-B11E-4BD1-9A74-8970EA9F3450}.Debug|Any CPU.ActiveCfg = Debug|Any CPU
		{13FEAEFB-B11E-4BD1-9A74-8970EA9F3450}.Debug|Any CPU.Build.0 = Debug|Any CPU
		{13FEAEFB-B11E-4BD1-9A74-8970EA9F3450}.Release|Any CPU.ActiveCfg = Release|Any CPU
		{13FEAEFB-B11E-4BD1-9A74-8970EA9F3450}.Release|Any CPU.Build.0 = Release|Any CPU
		{7FB30F19-9747-43F1-B02A-428E736B56FA}.Debug|Any CPU.ActiveCfg = Debug|Any CPU
		{7FB30F19-9747-43F1-B02A-428E736B56FA}.Debug|Any CPU.Build.0 = Debug|Any CPU
		{7FB30F19-9747-43F1-B02A-428E736B56FA}.Release|Any CPU.ActiveCfg = Release|Any CPU
		{7FB30F19-9747-43F1-B02A-428E736B56FA}.Release|Any CPU.Build.0 = Release|Any CPU
	EndGlobalSection
	GlobalSection(SolutionProperties) = preSolution
		HideSolutionNode = FALSE
	EndGlobalSection
	GlobalSection(ExtensibilityGlobals) = postSolution
		SolutionGuid = {ECA5F75B-460E-40E7-895C-CB8C4F62E16B}
	EndGlobalSection
EndGlobal
